
Microsoft Visual Studio Solution File, Format Version 12.00
# Visual Studio Version 17
VisualStudioVersion = 17.0.32112.339
MinimumVisualStudioVersion = 10.0.40219.1
Project("{FAE04EC0-301F-11D3-BF4B-00C04F79EFBC}") = "Imobiliaria.ConsoleApp", "Imobiliaria.ConsoleApp\Imobiliaria.ConsoleApp.csproj", "{D24A1634-6A64-4639-BB25-B1FDB61565A6}"
EndProject
Global
	GlobalSection(SolutionConfigurationPlatforms) = preSolution
		Debug|Any CPU = Debug|Any CPU
		Release|Any CPU = Release|Any CPU
	EndGlobalSection
	GlobalSection(ProjectConfigurationPlatforms) = postSolution
		{D24A1634-6A64-4639-BB25-B1FDB61565A6}.Debug|Any CPU.ActiveCfg = Debug|Any CPU
		{D24A1634-6A64-4639-BB25-B1FDB61565A6}.Debug|Any CPU.Build.0 = Debug|Any CPU
		{D24A1634-6A64-4639-BB25-B1FDB61565A6}.Release|Any CPU.ActiveCfg = Release|Any CPU
		{D24A1634-6A64-4639-BB25-B1FDB61565A6}.Release|Any CPU.Build.0 = Release|Any CPU
	EndGlobalSection
	GlobalSection(SolutionProperties) = preSolution
		HideSolutionNode = FALSE
	EndGlobalSection
	GlobalSection(ExtensibilityGlobals) = postSolution
		SolutionGuid = {0CDC9D24-4984-455D-9888-1F16B6114264}
	EndGlobalSection
EndGlobal
